{
  "name": "peerview",
  "version": "1.0.0",
  "lockfileVersion": 1,
  "requires": true,
  "dependencies": {
    "core-util-is": {
      "version": "1.0.2",
      "resolved": "https://registry.npmjs.org/core-util-is/-/core-util-is-1.0.2.tgz",
      "integrity": "sha1-tf1UIgqivFq1eqtxQMlAdUUDwac="
    },
    "debug": {
      "version": "2.6.9",
      "resolved": "https://registry.npmjs.org/debug/-/debug-2.6.9.tgz",
      "integrity": "sha1-XRKFFd8TT/Mn6QpMk/Tgd6U2NB8=",
      "requires": {
        "ms": "2.0.0"
      }
    },
    "event-lite": {
      "version": "0.1.1",
      "resolved": "https://registry.npmjs.org/event-lite/-/event-lite-0.1.1.tgz",
      "integrity": "sha1-R88IqNN9C2lM23s7F7UfqsZXYIY="
    },
    "get-browser-rtc": {
      "version": "1.0.2",
      "resolved": "https://registry.npmjs.org/get-browser-rtc/-/get-browser-rtc-1.0.2.tgz",
      "integrity": "sha1-u81AyEUaftTvXDc7gWmkCd0dEdk="
    },
    "ieee754": {
      "version": "1.1.8",
      "resolved": "https://registry.npmjs.org/ieee754/-/ieee754-1.1.8.tgz",
      "integrity": "sha1-vjPUCsEO8ZJnAfbwii2G+/0a0+Q="
    },
    "inherits": {
      "version": "2.0.3",
      "resolved": "https://registry.npmjs.org/inherits/-/inherits-2.0.3.tgz",
      "integrity": "sha1-Yzwsg+PaQqUC9SRmAiSA9CCCYd4="
    },
    "int64-buffer": {
      "version": "0.1.10",
      "resolved": "https://registry.npmjs.org/int64-buffer/-/int64-buffer-0.1.10.tgz",
      "integrity": "sha1-J3siiofZWtd30HwTgyAiQGpHNCM="
    },
    "isarray": {
      "version": "1.0.0",
      "resolved": "https://registry.npmjs.org/isarray/-/isarray-1.0.0.tgz",
      "integrity": "sha1-u5NdSFgsuhaMBoNJV6VKPgcSTxE="
    },
    "ms": {
      "version": "2.0.0",
      "resolved": "https://registry.npmjs.org/ms/-/ms-2.0.0.tgz",
      "integrity": "sha1-VgiurfwAvmwpAd9fmGF4jeDVl8g="
    },
    "msgpack-lite": {
      "version": "0.1.26",
      "resolved": "https://registry.npmjs.org/msgpack-lite/-/msgpack-lite-0.1.26.tgz",
      "integrity": "sha1-3TxQsm8FnyXn7e42REGDWOKprYk=",
      "requires": {
        "event-lite": "^0.1.1",
        "ieee754": "^1.1.8",
        "int64-buffer": "^0.1.9",
        "isarray": "^1.0.0"
      }
    },
    "process-nextick-args": {
      "version": "2.0.0",
      "resolved": "https://registry.npmjs.org/process-nextick-args/-/process-nextick-args-2.0.0.tgz",
      "integrity": "sha1-o31zL0JxtKsa0HDTVQjoKQeI/6o="
    },
    "randombytes": {
      "version": "2.0.6",
      "resolved": "https://registry.npmjs.org/randombytes/-/randombytes-2.0.6.tgz",
      "integrity": "sha1-0wLFIpSFiISKjTAMkytEwkIx2oA=",
      "requires": {
        "safe-buffer": "^5.1.0"
      }
    },
    "readable-stream": {
      "version": "2.3.4",
      "resolved": "https://registry.npmjs.org/readable-stream/-/readable-stream-2.3.4.tgz",
      "integrity": "sha1-yUbD9H+n2Oq8C2FQ9KEvaaRXQHE=",
      "requires": {
        "core-util-is": "~1.0.0",
        "inherits": "~2.0.3",
        "isarray": "~1.0.0",
        "process-nextick-args": "~2.0.0",
        "safe-buffer": "~5.1.1",
        "string_decoder": "~1.0.3",
        "util-deprecate": "~1.0.1"
      }
    },
    "safe-buffer": {
      "version": "5.1.1",
      "resolved": "https://registry.npmjs.org/safe-buffer/-/safe-buffer-5.1.1.tgz",
      "integrity": "sha1-iTMSr2myEj3vcfV4iQAWce6yyFM="
    },
    "simple-peer": {
      "version": "https://registry.npmjs.org/simple-peer/-/simple-peer-6.0.7.tgz",
      "integrity": "sha1-zMUTO3514VSrF7nM2+yR6XDMIng=",
      "requires": {
        "debug": "^2.1.0",
        "get-browser-rtc": "^1.0.0",
        "inherits": "^2.0.1",
        "randombytes": "^2.0.3",
        "readable-stream": "^2.0.5"
      }
    },
    "string_decoder": {
      "version": "1.0.3",
      "resolved": "https://registry.npmjs.org/string_decoder/-/string_decoder-1.0.3.tgz",
      "integrity": "sha1-D8Z9fBQYJd6UKC3VNr7GubzoYKs=",
      "requires": {
        "safe-buffer": "~5.1.0"
      }
    },
    "util-deprecate": {
      "version": "1.0.2",
      "resolved": "https://registry.npmjs.org/util-deprecate/-/util-deprecate-1.0.2.tgz",
      "integrity": "sha1-RQ1Nyfpw3nMnYvvS1KKJgUGaDM8="
    }
  }
}
